
Microsoft Visual Studio Solution File, Format Version 12.00
# Visual Studio Version 17
VisualStudioVersion = 17.0.32126.317
MinimumVisualStudioVersion = 10.0.40219.1
Project("{9A19103F-16F7-4668-BE54-9A1E7A4F7556}") = "Exercise1", "Exercise5\Exercise1.csproj", "{F215090A-80C3-44F9-B686-851CB0BB5166}"
EndProject
Project("{9A19103F-16F7-4668-BE54-9A1E7A4F7556}") = "Exercise2", "Exercise2\Exercise2.csproj", "{0F6D6592-BECC-44C6-9261-8A3DA5BDFE40}"
EndProject
Project("{9A19103F-16F7-4668-BE54-9A1E7A4F7556}") = "Exercise3,4", "Exercise3\Exercise3,4.csproj", "{65998A95-E9C0-49BB-A251-E67D98E42116}"
EndProject
Project("{9A19103F-16F7-4668-BE54-9A1E7A4F7556}") = "Ch5Exercise5", "Ch5Exercise5\Ch5Exercise5.csproj", "{30AC2FF1-E572-4BA9-ACE1-DC6E6D4BD1C8}"
EndProject
Project("{9A19103F-16F7-4668-BE54-9A1E7A4F7556}") = "Exercise8", "Exercise8\Exercise8.csproj", "{9AE3E580-A709-4B07-9318-1796D4468F62}"
EndProject
Project("{9A19103F-16F7-4668-BE54-9A1E7A4F7556}") = "Exercise9", "Exercise9\Exercise9.csproj", "{F9816331-5B9B-4A2D-BEC4-4D7DA63B38D8}"
EndProject
Project("{FAE04EC0-301F-11D3-BF4B-00C04F79EFBC}") = "Exercise10", "Exercise10\Exercise10.csproj", "{91A3C47C-DF82-4339-84F9-864D1370485C}"
EndProject
Project("{FAE04EC0-301F-11D3-BF4B-00C04F79EFBC}") = "Exercise11", "Exercise11\Exercise11.csproj", "{65769C44-52EE-444A-B5D7-8F341AA3DA1A}"
EndProject
Global
	GlobalSection(SolutionConfigurationPlatforms) = preSolution
		Debug|Any CPU = Debug|Any CPU
		Release|Any CPU = Release|Any CPU
	EndGlobalSection
	GlobalSection(ProjectConfigurationPlatforms) = postSolution
		{F215090A-80C3-44F9-B686-851CB0BB5166}.Debug|Any CPU.ActiveCfg = Debug|Any CPU
		{F215090A-80C3-44F9-B686-851CB0BB5166}.Debug|Any CPU.Build.0 = Debug|Any CPU
		{F215090A-80C3-44F9-B686-851CB0BB5166}.Release|Any CPU.ActiveCfg = Release|Any CPU
		{F215090A-80C3-44F9-B686-851CB0BB5166}.Release|Any CPU.Build.0 = Release|Any CPU
		{0F6D6592-BECC-44C6-9261-8A3DA5BDFE40}.Debug|Any CPU.ActiveCfg = Debug|Any CPU
		{0F6D6592-BECC-44C6-9261-8A3DA5BDFE40}.Debug|Any CPU.Build.0 = Debug|Any CPU
		{0F6D6592-BECC-44C6-9261-8A3DA5BDFE40}.Release|Any CPU.ActiveCfg = Release|Any CPU
		{0F6D6592-BECC-44C6-9261-8A3DA5BDFE40}.Release|Any CPU.Build.0 = Release|Any CPU
		{65998A95-E9C0-49BB-A251-E67D98E42116}.Debug|Any CPU.ActiveCfg = Debug|Any CPU
		{65998A95-E9C0-49BB-A251-E67D98E42116}.Debug|Any CPU.Build.0 = Debug|Any CPU
		{65998A95-E9C0-49BB-A251-E67D98E42116}.Release|Any CPU.ActiveCfg = Release|Any CPU
		{65998A95-E9C0-49BB-A251-E67D98E42116}.Release|Any CPU.Build.0 = Release|Any CPU
		{30AC2FF1-E572-4BA9-ACE1-DC6E6D4BD1C8}.Debug|Any CPU.ActiveCfg = Debug|Any CPU
		{30AC2FF1-E572-4BA9-ACE1-DC6E6D4BD1C8}.Debug|Any CPU.Build.0 = Debug|Any CPU
		{30AC2FF1-E572-4BA9-ACE1-DC6E6D4BD1C8}.Release|Any CPU.ActiveCfg = Release|Any CPU
		{30AC2FF1-E572-4BA9-ACE1-DC6E6D4BD1C8}.Release|Any CPU.Build.0 = Release|Any CPU
		{9AE3E580-A709-4B07-9318-1796D4468F62}.Debug|Any CPU.ActiveCfg = Debug|Any CPU
		{9AE3E580-A709-4B07-9318-1796D4468F62}.Debug|Any CPU.Build.0 = Debug|Any CPU
		{9AE3E580-A709-4B07-9318-1796D4468F62}.Release|Any CPU.ActiveCfg = Release|Any CPU
		{9AE3E580-A709-4B07-9318-1796D4468F62}.Release|Any CPU.Build.0 = Release|Any CPU
		{F9816331-5B9B-4A2D-BEC4-4D7DA63B38D8}.Debug|Any CPU.ActiveCfg = Debug|Any CPU
		{F9816331-5B9B-4A2D-BEC4-4D7DA63B38D8}.Debug|Any CPU.Build.0 = Debug|Any CPU
		{F9816331-5B9B-4A2D-BEC4-4D7DA63B38D8}.Release|Any CPU.ActiveCfg = Release|Any CPU
		{F9816331-5B9B-4A2D-BEC4-4D7DA63B38D8}.Release|Any CPU.Build.0 = Release|Any CPU
		{91A3C47C-DF82-4339-84F9-864D1370485C}.Debug|Any CPU.ActiveCfg = Debug|Any CPU
		{91A3C47C-DF82-4339-84F9-864D1370485C}.Debug|Any CPU.Build.0 = Debug|Any CPU
		{91A3C47C-DF82-4339-84F9-864D1370485C}.Release|Any CPU.ActiveCfg = Release|Any CPU
		{91A3C47C-DF82-4339-84F9-864D1370485C}.Release|Any CPU.Build.0 = Release|Any CPU
		{65769C44-52EE-444A-B5D7-8F341AA3DA1A}.Debug|Any CPU.ActiveCfg = Debug|Any CPU
		{65769C44-52EE-444A-B5D7-8F341AA3DA1A}.Debug|Any CPU.Build.0 = Debug|Any CPU
		{65769C44-52EE-444A-B5D7-8F341AA3DA1A}.Release|Any CPU.ActiveCfg = Release|Any CPU
		{65769C44-52EE-444A-B5D7-8F341AA3DA1A}.Release|Any CPU.Build.0 = Release|Any CPU
	EndGlobalSection
	GlobalSection(SolutionProperties) = preSolution
		HideSolutionNode = FALSE
	EndGlobalSection
	GlobalSection(ExtensibilityGlobals) = postSolution
		SolutionGuid = {FF0DE018-8A92-4226-A186-AC4136208BF9}
	EndGlobalSection
EndGlobal
